
Microsoft Visual Studio Solution File, Format Version 12.00
# Visual Studio 15
VisualStudioVersion = 15.0.28307.539
MinimumVisualStudioVersion = 10.0.40219.1
Project("{8BC9CEB8-8B4A-11D0-8D11-00A0C91BC942}") = "hook", "hook\hook.vcxproj", "{9746D857-C1B1-4245-AD52-3ABE0CA0E4F2}"
EndProject
Project("{8BC9CEB8-8B4A-11D0-8D11-00A0C91BC942}") = "hooktest", "hooktest\hooktest.vcxproj", "{17034EBD-DBC4-4401-838C-B7407CA6E4A5}"
	ProjectSection(ProjectDependencies) = postProject
		{9746D857-C1B1-4245-AD52-3ABE0CA0E4F2} = {9746D857-C1B1-4245-AD52-3ABE0CA0E4F2}
	EndProjectSection
EndProject
Project("{8BC9CEB8-8B4A-11D0-8D11-00A0C91BC942}") = "hooktestcpp", "hooktestcpp\hooktestcpp.vcxproj", "{F2B1403C-216B-4545-BA58-CDEAE74E3297}"
EndProject
Global
	GlobalSection(SolutionConfigurationPlatforms) = preSolution
		Debug|x64 = Debug|x64
		Debug|x86 = Debug|x86
		Release|x64 = Release|x64
		Release|x86 = Release|x86
	EndGlobalSection
	GlobalSection(ProjectConfigurationPlatforms) = postSolution
		{9746D857-C1B1-4245-AD52-3ABE0CA0E4F2}.Debug|x64.ActiveCfg = Debug|x64
		{9746D857-C1B1-4245-AD52-3ABE0CA0E4F2}.Debug|x64.Build.0 = Debug|x64
		{9746D857-C1B1-4245-AD52-3ABE0CA0E4F2}.Debug|x86.ActiveCfg = Debug|Win32
		{9746D857-C1B1-4245-AD52-3ABE0CA0E4F2}.Debug|x86.Build.0 = Debug|Win32
		{9746D857-C1B1-4245-AD52-3ABE0CA0E4F2}.Release|x64.ActiveCfg = Release|x64
		{9746D857-C1B1-4245-AD52-3ABE0CA0E4F2}.Release|x64.Build.0 = Release|x64
		{9746D857-C1B1-4245-AD52-3ABE0CA0E4F2}.Release|x86.ActiveCfg = Release|Win32
		{9746D857-C1B1-4245-AD52-3ABE0CA0E4F2}.Release|x86.Build.0 = Release|Win32
		{17034EBD-DBC4-4401-838C-B7407CA6E4A5}.Debug|x64.ActiveCfg = Debug|x64
		{17034EBD-DBC4-4401-838C-B7407CA6E4A5}.Debug|x64.Build.0 = Debug|x64
		{17034EBD-DBC4-4401-838C-B7407CA6E4A5}.Debug|x86.ActiveCfg = Debug|Win32
		{17034EBD-DBC4-4401-838C-B7407CA6E4A5}.Debug|x86.Build.0 = Debug|Win32
		{17034EBD-DBC4-4401-838C-B7407CA6E4A5}.Release|x64.ActiveCfg = Release|x64
		{17034EBD-DBC4-4401-838C-B7407CA6E4A5}.Release|x64.Build.0 = Release|x64
		{17034EBD-DBC4-4401-838C-B7407CA6E4A5}.Release|x86.ActiveCfg = Release|Win32
		{17034EBD-DBC4-4401-838C-B7407CA6E4A5}.Release|x86.Build.0 = Release|Win32
		{F2B1403C-216B-4545-BA58-CDEAE74E3297}.Debug|x64.ActiveCfg = Debug|x64
		{F2B1403C-216B-4545-BA58-CDEAE74E3297}.Debug|x64.Build.0 = Debug|x64
		{F2B1403C-216B-4545-BA58-CDEAE74E3297}.Debug|x86.ActiveCfg = Debug|Win32
		{F2B1403C-216B-4545-BA58-CDEAE74E3297}.Debug|x86.Build.0 = Debug|Win32
		{F2B1403C-216B-4545-BA58-CDEAE74E3297}.Release|x64.ActiveCfg = Release|x64
		{F2B1403C-216B-4545-BA58-CDEAE74E3297}.Release|x64.Build.0 = Release|x64
		{F2B1403C-216B-4545-BA58-CDEAE74E3297}.Release|x86.ActiveCfg = Release|Win32
		{F2B1403C-216B-4545-BA58-CDEAE74E3297}.Release|x86.Build.0 = Release|Win32
	EndGlobalSection
	GlobalSection(SolutionProperties) = preSolution
		HideSolutionNode = FALSE
	EndGlobalSection
	GlobalSection(ExtensibilityGlobals) = postSolution
		SolutionGuid = {499CCBD0-6B7A-4D29-BA12-88BD5E4E694A}
	EndGlobalSection
EndGlobal
